
Microsoft Visual Studio Solution File, Format Version 12.00
# Visual Studio Version 16
VisualStudioVersion = 16.0.31729.503
MinimumVisualStudioVersion = 10.0.40219.1
Project("{FAE04EC0-301F-11D3-BF4B-00C04F79EFBC}") = "Shopping.Client", "Shopping.Client\Shopping.Client.csproj", "{76798BA1-BA34-4295-A7E7-8213C84DBBAC}"
EndProject
Global
	GlobalSection(SolutionConfigurationPlatforms) = preSolution
		Debug|Any CPU = Debug|Any CPU
		Release|Any CPU = Release|Any CPU
	EndGlobalSection
	GlobalSection(ProjectConfigurationPlatforms) = postSolution
		{76798BA1-BA34-4295-A7E7-8213C84DBBAC}.Debug|Any CPU.ActiveCfg = Debug|Any CPU
		{76798BA1-BA34-4295-A7E7-8213C84DBBAC}.Debug|Any CPU.Build.0 = Debug|Any CPU
		{76798BA1-BA34-4295-A7E7-8213C84DBBAC}.Release|Any CPU.ActiveCfg = Release|Any CPU
		{76798BA1-BA34-4295-A7E7-8213C84DBBAC}.Release|Any CPU.Build.0 = Release|Any CPU
	EndGlobalSection
	GlobalSection(SolutionProperties) = preSolution
		HideSolutionNode = FALSE
	EndGlobalSection
	GlobalSection(ExtensibilityGlobals) = postSolution
		SolutionGuid = {59162D1A-E0FF-4B15-B723-9CCFC8E7E509}
	EndGlobalSection
EndGlobal
